PODS:
  - CRRefresh (1.1.3)
  - JonAlert (1.0.0)
  - Kingfisher (5.8.1):
    - Kingfisher/Core (= 5.8.1)
  - Kingfisher/Core (5.8.1)
  - SwiftLint (0.35.0)

DEPENDENCIES:
  - CRRefresh
  - JonAlert
  - Kingfisher
  - SwiftLint

SPEC REPOS:
  trunk:
    - CRRefresh
    - JonAlert
    - Kingfisher
    - SwiftLint

SPEC CHECKSUMS:
  CRRefresh: 1415d4ae06837fa7bb064c44f2e102f3ef517044
  JonAlert: a83b374ccbf1a14aeb25537d5a3cbe957aac1c2b
  Kingfisher: de969e451c81ca6c07a454bc36fea84b8b08c3c7
  SwiftLint: 5553187048b900c91aa03552807681bb6b027846

PODFILE CHECKSUM: a5fdb2b7c5ca19692008c7c6ab1bfc12b8ea5e6d

COCOAPODS: 1.8.1
