PODS:
  - Alamofire (5.0.0-rc.3)
  - JonAlert (1.0.0)
  - Kingfisher (5.8.1):
    - Kingfisher/Core (= 5.8.1)
  - Kingfisher/Core (5.8.1)
  - SwiftLint (0.35.0)

DEPENDENCIES:
  - Alamofire (~> 5.0.0-rc.3)
  - JonAlert
  - Kingfisher
  - SwiftLint

SPEC REPOS:
  trunk:
    - Alamofire
    - JonAlert
    - Kingfisher
    - SwiftLint

SPEC CHECKSUMS:
  Alamofire: ca8c0de6906873be89d6deec5c8de279e00bf872
  JonAlert: a83b374ccbf1a14aeb25537d5a3cbe957aac1c2b
  Kingfisher: de969e451c81ca6c07a454bc36fea84b8b08c3c7
  SwiftLint: 5553187048b900c91aa03552807681bb6b027846

PODFILE CHECKSUM: 987fc86c869f5bff5aec6a012ee28dd1925c2662

COCOAPODS: 1.8.1
